
Microsoft Visual Studio Solution File, Format Version 12.00
Project("{FAE04EC0-301F-11D3-BF4B-00C04F79EFBC}") = "Kolokwium_Zadanie", "Kolokwium_Zadanie\Kolokwium_Zadanie.csproj", "{FC7C8B6A-CA17-4FBE-9A1B-9D2ABCFEE940}"
EndProject
Global
	GlobalSection(SolutionConfigurationPlatforms) = preSolution
		Debug|Any CPU = Debug|Any CPU
		Release|Any CPU = Release|Any CPU
	EndGlobalSection
	GlobalSection(ProjectConfigurationPlatforms) = postSolution
		{FC7C8B6A-CA17-4FBE-9A1B-9D2ABCFEE940}.Debug|Any CPU.ActiveCfg = Debug|Any CPU
		{FC7C8B6A-CA17-4FBE-9A1B-9D2ABCFEE940}.Debug|Any CPU.Build.0 = Debug|Any CPU
		{FC7C8B6A-CA17-4FBE-9A1B-9D2ABCFEE940}.Release|Any CPU.ActiveCfg = Release|Any CPU
		{FC7C8B6A-CA17-4FBE-9A1B-9D2ABCFEE940}.Release|Any CPU.Build.0 = Release|Any CPU
	EndGlobalSection
EndGlobal
